// !$*UTF8*$!
{
	archiveVersion = 1;
	classes = {
	};
	objectVersion = 50;
	objects = {

/* Begin PBXBuildFile section */
		0C546EEA210C4A7900A09037 /* AppDelegate.m in Sources */ = {isa = PBXBuildFile; fileRef = 0C546EE9210C4A7900A09037 /* AppDelegate.m */; };
		0C546EED210C4A7900A09037 /* ViewController.m in Sources */ = {isa = PBXBuildFile; fileRef = 0C546EEC210C4A7900A09037 /* ViewController.m */; };
		0C546EF0210C4A7900A09037 /* Main.storyboard in Resources */ = {isa = PBXBuildFile; fileRef = 0C546EEE210C4A7900A09037 /* Main.storyboard */; };
		0C546EF2210C4A7B00A09037 /* Assets.xcassets in Resources */ = {isa = PBXBuildFile; fileRef = 0C546EF1210C4A7B00A09037 /* Assets.xcassets */; };
		0C546EF5210C4A7B00A09037 /* LaunchScreen.storyboard in Resources */ = {isa = PBXBuildFile; fileRef = 0C546EF3210C4A7B00A09037 /* LaunchScreen.storyboard */; };
		0C546EF8210C4A7B00A09037 /* main.m in Sources */ = {isa = PBXBuildFile; fileRef = 0C546EF7210C4A7B00A09037 /* main.m */; };
		0C546F12210C4C1300A09037 /* UIButton+Spin.m in Sources */ = {isa = PBXBuildFile; fileRef = 0C546F00210C4C1300A09037 /* UIButton+Spin.m */; };
		0C546F13210C4C1300A09037 /* RDFunction.m in Sources */ = {isa = PBXBuildFile; fileRef = 0C546F02210C4C1300A09037 /* RDFunction.m */; };
		0C546F14210C4C1300A09037 /* RDFileManager.m in Sources */ = {isa = PBXBuildFile; fileRef = 0C546F03210C4C1300A09037 /* RDFileManager.m */; };
		0C546F15210C4C1300A09037 /* RDImageManager.m in Sources */ = {isa = PBXBuildFile; fileRef = 0C546F04210C4C1300A09037 /* RDImageManager.m */; };
		0C546F16210C4C1300A09037 /* RDKeyChain.m in Sources */ = {isa = PBXBuildFile; fileRef = 0C546F09210C4C1300A09037 /* RDKeyChain.m */; };
		0C546F17210C4C1300A09037 /* UIButton+Color.m in Sources */ = {isa = PBXBuildFile; fileRef = 0C546F0B210C4C1300A09037 /* UIButton+Color.m */; };
		0C546F18210C4C1300A09037 /* UIImage+ImageEffects.m in Sources */ = {isa = PBXBuildFile; fileRef = 0C546F0E210C4C1300A09037 /* UIImage+ImageEffects.m */; };
		0C546F19210C4C1300A09037 /* UIImage+Color.m in Sources */ = {isa = PBXBuildFile; fileRef = 0C546F0F210C4C1300A09037 /* UIImage+Color.m */; };
		0C546F1A210C4C1300A09037 /* RDMacros.m in Sources */ = {isa = PBXBuildFile; fileRef = 0C546F11210C4C1300A09037 /* RDMacros.m */; };
/* End PBXBuildFile section */

/* Begin PBXFileReference section */
		0C546EE5210C4A7900A09037 /* RDDevLibraryDemo.app */ = {isa = PBXFileReference; explicitFileType = wrapper.application; includeInIndex = 0; path = RDDevLibraryDemo.app; sourceTree = BUILT_PRODUCTS_DIR; };
		0C546EE8210C4A7900A09037 /* AppDelegate.h */ = {isa = PBXFileReference; lastKnownFileType = sourcecode.c.h; path = AppDelegate.h; sourceTree = "<group>"; };
		0C546EE9210C4A7900A09037 /* AppDelegate.m */ = {isa = PBXFileReference; lastKnownFileType = sourcecode.c.objc; path = AppDelegate.m; sourceTree = "<group>"; };
		0C546EEB210C4A7900A09037 /* ViewController.h */ = {isa = PBXFileReference; lastKnownFileType = sourcecode.c.h; path = ViewController.h; sourceTree = "<group>"; };
		0C546EEC210C4A7900A09037 /* ViewController.m */ = {isa = PBXFileReference; lastKnownFileType = sourcecode.c.objc; path = ViewController.m; sourceTree = "<group>"; };
		0C546EEF210C4A7900A09037 /* Base */ = {isa = PBXFileReference; lastKnownFileType = file.storyboard; name = Base; path = Base.lproj/Main.storyboard; sourceTree = "<group>"; };
		0C546EF1210C4A7B00A09037 /* Assets.xcassets */ = {isa = PBXFileReference; lastKnownFileType = folder.assetcatalog; path = Assets.xcassets; sourceTree = "<group>"; };
		0C546EF4210C4A7B00A09037 /* Base */ = {isa = PBXFileReference; lastKnownFileType = file.storyboard; name = Base; path = Base.lproj/LaunchScreen.storyboard; sourceTree = "<group>"; };
		0C546EF6210C4A7B00A09037 /* Info.plist */ = {isa = PBXFileReference; lastKnownFileType = text.plist.xml; path = Info.plist; sourceTree = "<group>"; };
		0C546EF7210C4A7B00A09037 /* main.m */ = {isa = PBXFileReference; lastKnownFileType = sourcecode.c.objc; path = main.m; sourceTree = "<group>"; };
		0C546EFF210C4C1300A09037 /* UIButton+Color.h */ = {isa = PBXFileReference; fileEncoding = 4; lastKnownFileType = sourcecode.c.h; path = "UIButton+Color.h"; sourceTree = "<group>"; };
		0C546F00210C4C1300A09037 /* UIButton+Spin.m */ = {isa = PBXFileReference; fileEncoding = 4; lastKnownFileType = sourcecode.c.objc; path = "UIButton+Spin.m"; sourceTree = "<group>"; };
		0C546F01210C4C1300A09037 /* RDKeyChain.h */ = {isa = PBXFileReference; fileEncoding = 4; lastKnownFileType = sourcecode.c.h; path = RDKeyChain.h; sourceTree = "<group>"; };
		0C546F02210C4C1300A09037 /* RDFunction.m */ = {isa = PBXFileReference; fileEncoding = 4; lastKnownFileType = sourcecode.c.objc; path = RDFunction.m; sourceTree = "<group>"; };
		0C546F03210C4C1300A09037 /* RDFileManager.m */ = {isa = PBXFileReference; fileEncoding = 4; lastKnownFileType = sourcecode.c.objc; path = RDFileManager.m; sourceTree = "<group>"; };
		0C546F04210C4C1300A09037 /* RDImageManager.m */ = {isa = PBXFileReference; fileEncoding = 4; lastKnownFileType = sourcecode.c.objc; path = RDImageManager.m; sourceTree = "<group>"; };
		0C546F05210C4C1300A09037 /* UIImage+Color.h */ = {isa = PBXFileReference; fileEncoding = 4; lastKnownFileType = sourcecode.c.h; path = "UIImage+Color.h"; sourceTree = "<group>"; };
		0C546F06210C4C1300A09037 /* UIImage+ImageEffects.h */ = {isa = PBXFileReference; fileEncoding = 4; lastKnownFileType = sourcecode.c.h; path = "UIImage+ImageEffects.h"; sourceTree = "<group>"; };
		0C546F07210C4C1300A09037 /* RDMacros.h */ = {isa = PBXFileReference; fileEncoding = 4; lastKnownFileType = sourcecode.c.h; path = RDMacros.h; sourceTree = "<group>"; };
		0C546F08210C4C1300A09037 /* RDFunction.h */ = {isa = PBXFileReference; fileEncoding = 4; lastKnownFileType = sourcecode.c.h; path = RDFunction.h; sourceTree = "<group>"; };
		0C546F09210C4C1300A09037 /* RDKeyChain.m */ = {isa = PBXFileReference; fileEncoding = 4; lastKnownFileType = sourcecode.c.objc; path = RDKeyChain.m; sourceTree = "<group>"; };
		0C546F0A210C4C1300A09037 /* UIButton+Spin.h */ = {isa = PBXFileReference; fileEncoding = 4; lastKnownFileType = sourcecode.c.h; path = "UIButton+Spin.h"; sourceTree = "<group>"; };
		0C546F0B210C4C1300A09037 /* UIButton+Color.m */ = {isa = PBXFileReference; fileEncoding = 4; lastKnownFileType = sourcecode.c.objc; path = "UIButton+Color.m"; sourceTree = "<group>"; };
		0C546F0C210C4C1300A09037 /* RDImageManager.h */ = {isa = PBXFileReference; fileEncoding = 4; lastKnownFileType = sourcecode.c.h; path = RDImageManager.h; sourceTree = "<group>"; };
		0C546F0D210C4C1300A09037 /* RDFileManager.h */ = {isa = PBXFileReference; fileEncoding = 4; lastKnownFileType = sourcecode.c.h; path = RDFileManager.h; sourceTree = "<group>"; };
		0C546F0E210C4C1300A09037 /* UIImage+ImageEffects.m */ = {isa = PBXFileReference; fileEncoding = 4; lastKnownFileType = sourcecode.c.objc; path = "UIImage+ImageEffects.m"; sourceTree = "<group>"; };
		0C546F0F210C4C1300A09037 /* UIImage+Color.m */ = {isa = PBXFileReference; fileEncoding = 4; lastKnownFileType = sourcecode.c.objc; path = "UIImage+Color.m"; sourceTree = "<group>"; };
		0C546F10210C4C1300A09037 /* RDDevLibrary.h */ = {isa = PBXFileReference; fileEncoding = 4; lastKnownFileType = sourcecode.c.h; path = RDDevLibrary.h; sourceTree = "<group>"; };
		0C546F11210C4C1300A09037 /* RDMacros.m */ = {isa = PBXFileReference; fileEncoding = 4; lastKnownFileType = sourcecode.c.objc; path = RDMacros.m; sourceTree = "<group>"; };
/* End PBXFileReference section */

/* Begin PBXFrameworksBuildPhase section */
		0C546EE2210C4A7900A09037 /* Frameworks */ = {
			isa = PBXFrameworksBuildPhase;
			buildActionMask = 2147483647;
			files = (
			);
			runOnlyForDeploymentPostprocessing = 0;
		};
/* End PBXFrameworksBuildPhase section */

/* Begin PBXGroup section */
		0C546EDC210C4A7900A09037 = {
			isa = PBXGroup;
			children = (
				0C546EFE210C4C1300A09037 /* RDDevLibrary */,
				0C546EE7210C4A7900A09037 /* RDDevLibraryDemo */,
				0C546EE6210C4A7900A09037 /* Products */,
			);
			sourceTree = "<group>";
		};
		0C546EE6210C4A7900A09037 /* Products */ = {
			isa = PBXGroup;
			children = (
				0C546EE5210C4A7900A09037 /* RDDevLibraryDemo.app */,
			);
			name = Products;
			sourceTree = "<group>";
		};
		0C546EE7210C4A7900A09037 /* RDDevLibraryDemo */ = {
			isa = PBXGroup;
			children = (
				0C546EE8210C4A7900A09037 /* AppDelegate.h */,
				0C546EE9210C4A7900A09037 /* AppDelegate.m */,
				0C546EEB210C4A7900A09037 /* ViewController.h */,
				0C546EEC210C4A7900A09037 /* ViewController.m */,
				0C546EEE210C4A7900A09037 /* Main.storyboard */,
				0C546EF1210C4A7B00A09037 /* Assets.xcassets */,
				0C546EF3210C4A7B00A09037 /* LaunchScreen.storyboard */,
				0C546EF6210C4A7B00A09037 /* Info.plist */,
				0C546EF7210C4A7B00A09037 /* main.m */,
			);
			path = RDDevLibraryDemo;
			sourceTree = "<group>";
		};
		0C546EFE210C4C1300A09037 /* RDDevLibrary */ = {
			isa = PBXGroup;
			children = (
				0C546EFF210C4C1300A09037 /* UIButton+Color.h */,
				0C546F00210C4C1300A09037 /* UIButton+Spin.m */,
				0C546F01210C4C1300A09037 /* RDKeyChain.h */,
				0C546F02210C4C1300A09037 /* RDFunction.m */,
				0C546F03210C4C1300A09037 /* RDFileManager.m */,
				0C546F04210C4C1300A09037 /* RDImageManager.m */,
				0C546F05210C4C1300A09037 /* UIImage+Color.h */,
				0C546F06210C4C1300A09037 /* UIImage+ImageEffects.h */,
				0C546F07210C4C1300A09037 /* RDMacros.h */,
				0C546F08210C4C1300A09037 /* RDFunction.h */,
				0C546F09210C4C1300A09037 /* RDKeyChain.m */,
				0C546F0A210C4C1300A09037 /* UIButton+Spin.h */,
				0C546F0B210C4C1300A09037 /* UIButton+Color.m */,
				0C546F0C210C4C1300A09037 /* RDImageManager.h */,
				0C546F0D210C4C1300A09037 /* RDFileManager.h */,
				0C546F0E210C4C1300A09037 /* UIImage+ImageEffects.m */,
				0C546F0F210C4C1300A09037 /* UIImage+Color.m */,
				0C546F10210C4C1300A09037 /* RDDevLibrary.h */,
				0C546F11210C4C1300A09037 /* RDMacros.m */,
			);
			path = RDDevLibrary;
			sourceTree = "<group>";
		};
/* End PBXGroup section */

/* Begin PBXNativeTarget section */
		0C546EE4210C4A7900A09037 /* RDDevLibraryDemo */ = {
			isa = PBXNativeTarget;
			buildConfigurationList = 0C546EFB210C4A7B00A09037 /* Build configuration list for PBXNativeTarget "RDDevLibraryDemo" */;
			buildPhases = (
				0C546EE1210C4A7900A09037 /* Sources */,
				0C546EE2210C4A7900A09037 /* Frameworks */,
				0C546EE3210C4A7900A09037 /* Resources */,
			);
			buildRules = (
			);
			dependencies = (
			);
			name = RDDevLibraryDemo;
			productName = RDDevLibraryDemo;
			productReference = 0C546EE5210C4A7900A09037 /* RDDevLibraryDemo.app */;
			productType = "com.apple.product-type.application";
		};
/* End PBXNativeTarget section */

/* Begin PBXProject section */
		0C546EDD210C4A7900A09037 /* Project object */ = {
			isa = PBXProject;
			attributes = {
				LastUpgradeCheck = 0940;
				ORGANIZATIONNAME = radar;
				TargetAttributes = {
					0C546EE4210C4A7900A09037 = {
						CreatedOnToolsVersion = 9.4.1;
					};
				};
			};
			buildConfigurationList = 0C546EE0210C4A7900A09037 /* Build configuration list for PBXProject "RDDevLibraryDemo" */;
			compatibilityVersion = "Xcode 9.3";
			developmentRegion = en;
			hasScannedForEncodings = 0;
			knownRegions = (
				en,
				Base,
			);
			mainGroup = 0C546EDC210C4A7900A09037;
			productRefGroup = 0C546EE6210C4A7900A09037 /* Products */;
			projectDirPath = "";
			projectRoot = "";
			targets = (
				0C546EE4210C4A7900A09037 /* RDDevLibraryDemo */,
			);
		};
/* End PBXProject section */

/* Begin PBXResourcesBuildPhase section */
		0C546EE3210C4A7900A09037 /* Resources */ = {
			isa = PBXResourcesBuildPhase;
			buildActionMask = 2147483647;
			files = (
				0C546EF5210C4A7B00A09037 /* LaunchScreen.storyboard in Resources */,
				0C546EF2210C4A7B00A09037 /* Assets.xcassets in Resources */,
				0C546EF0210C4A7900A09037 /* Main.storyboard in Resources */,
			);
			runOnlyForDeploymentPostprocessing = 0;
		};
/* End PBXResourcesBuildPhase section */

/* Begin PBXSourcesBuildPhase section */
		0C546EE1210C4A7900A09037 /* Sources */ = {
			isa = PBXSourcesBuildPhase;
			buildActionMask = 2147483647;
			files = (
				0C546EED210C4A7900A09037 /* ViewController.m in Sources */,
				0C546F16210C4C1300A09037 /* RDKeyChain.m in Sources */,
				0C546F12210C4C1300A09037 /* UIButton+Spin.m in Sources */,
				0C546EF8210C4A7B00A09037 /* main.m in Sources */,
				0C546F14210C4C1300A09037 /* RDFileManager.m in Sources */,
				0C546F17210C4C1300A09037 /* UIButton+Color.m in Sources */,
				0C546F18210C4C1300A09037 /* UIImage+ImageEffects.m in Sources */,
				0C546F13210C4C1300A09037 /* RDFunction.m in Sources */,
				0C546F1A210C4C1300A09037 /* RDMacros.m in Sources */,
				0C546F19210C4C1300A09037 /* UIImage+Color.m in Sources */,
				0C546EEA210C4A7900A09037 /* AppDelegate.m in Sources */,
				0C546F15210C4C1300A09037 /* RDImageManager.m in Sources */,
			);
			runOnlyForDeploymentPostprocessing = 0;
		};
/* End PBXSourcesBuildPhase section */

/* Begin PBXVariantGroup section */
		0C546EEE210C4A7900A09037 /* Main.storyboard */ = {
			isa = PBXVariantGroup;
			children = (
				0C546EEF210C4A7900A09037 /* Base */,
			);
			name = Main.storyboard;
			sourceTree = "<group>";
		};
		0C546EF3210C4A7B00A09037 /* LaunchScreen.storyboard */ = {
			isa = PBXVariantGroup;
			children = (
				0C546EF4210C4A7B00A09037 /* Base */,
			);
			name = LaunchScreen.storyboard;
			sourceTree = "<group>";
		};
/* End PBXVariantGroup section */

/* Begin XCBuildConfiguration section */
		0C546EF9210C4A7B00A09037 /* Debug */ = {
			isa = XCBuildConfiguration;
			buildSettings = {
				ALWAYS_SEARCH_USER_PATHS = NO;
				CLANG_ANALYZER_NONNULL = YES;
				CLANG_ANALYZER_NUMBER_OBJECT_CONVERSION = YES_AGGRESSIVE;
				CLANG_CXX_LANGUAGE_STANDARD = "gnu++14";
				CLANG_CXX_LIBRARY = "libc++";
				CLANG_ENABLE_MODULES = YES;
				CLANG_ENABLE_OBJC_ARC = YES;
				CLANG_ENABLE_OBJC_WEAK = YES;
				CLANG_WARN_BLOCK_CAPTURE_AUTORELEASING = YES;
				CLANG_WARN_BOOL_CONVERSION = YES;
				CLANG_WARN_COMMA = YES;
				CLANG_WARN_CONSTANT_CONVERSION = YES;
				CLANG_WARN_DEPRECATED_OBJC_IMPLEMENTATIONS = YES;
				CLANG_WARN_DIRECT_OBJC_ISA_USAGE = YES_ERROR;
				CLANG_WARN_DOCUMENTATION_COMMENTS = YES;
				CLANG_WARN_EMPTY_BODY = YES;
				CLANG_WARN_ENUM_CONVERSION = YES;
				CLANG_WARN_INFINITE_RECURSION = YES;
				CLANG_WARN_INT_CONVERSION = YES;
				CLANG_WARN_NON_LITERAL_NULL_CONVERSION = YES;
				CLANG_WARN_OBJC_IMPLICIT_RETAIN_SELF = YES;
				CLANG_WARN_OBJC_LITERAL_CONVERSION = YES;
				CLANG_WARN_OBJC_ROOT_CLASS = YES_ERROR;
				CLANG_WARN_RANGE_LOOP_ANALYSIS = YES;
				CLANG_WARN_STRICT_PROTOTYPES = YES;
				CLANG_WARN_SUSPICIOUS_MOVE = YES;
				CLANG_WARN_UNGUARDED_AVAILABILITY = YES_AGGRESSIVE;
				CLANG_WARN_UNREACHABLE_CODE = YES;
				CLANG_WARN__DUPLICATE_METHOD_MATCH = YES;
				CODE_SIGN_IDENTITY = "iPhone Developer";
				COPY_PHASE_STRIP = NO;
				DEBUG_INFORMATION_FORMAT = dwarf;
				ENABLE_STRICT_OBJC_MSGSEND = YES;
				ENABLE_TESTABILITY = YES;
				GCC_C_LANGUAGE_STANDARD = gnu11;
				GCC_DYNAMIC_NO_PIC = NO;
				GCC_NO_COMMON_BLOCKS = YES;
				GCC_OPTIMIZATION_LEVEL = 0;
				GCC_PREPROCESSOR_DEFINITIONS = (
					"DEBUG=1",
					"$(inherited)",
				);
				GCC_WARN_64_TO_32_BIT_CONVERSION = YES;
				GCC_WARN_ABOUT_RETURN_TYPE = YES_ERROR;
				GCC_WARN_UNDECLARED_SELECTOR = YES;
				GCC_WARN_UNINITIALIZED_AUTOS = YES_AGGRESSIVE;
				GCC_WARN_UNUSED_FUNCTION = YES;
				GCC_WARN_UNUSED_VARIABLE = YES;
				IPHONEOS_DEPLOYMENT_TARGET = 8.0;
				MTL_ENABLE_DEBUG_INFO = YES;
				ONLY_ACTIVE_ARCH = YES;
				SDKROOT = iphoneos;
			};
			name = Debug;
		};
		0C546EFA210C4A7B00A09037 /* Release */ = {
			isa = XCBuildConfiguration;
			buildSettings = {
				ALWAYS_SEARCH_USER_PATHS = NO;
				CLANG_ANALYZER_NONNULL = YES;
				CLANG_ANALYZER_NUMBER_OBJECT_CONVERSION = YES_AGGRESSIVE;
				CLANG_CXX_LANGUAGE_STANDARD = "gnu++14";
				CLANG_CXX_LIBRARY = "libc++";
				CLANG_ENABLE_MODULES = YES;
				CLANG_ENABLE_OBJC_ARC = YES;
				CLANG_ENABLE_OBJC_WEAK = YES;
				CLANG_WARN_BLOCK_CAPTURE_AUTORELEASING = YES;
				CLANG_WARN_BOOL_CONVERSION = YES;
				CLANG_WARN_COMMA = YES;
				CLANG_WARN_CONSTANT_CONVERSION = YES;
				CLANG_WARN_DEPRECATED_OBJC_IMPLEMENTATIONS = YES;
				CLANG_WARN_DIRECT_OBJC_ISA_USAGE = YES_ERROR;
				CLANG_WARN_DOCUMENTATION_COMMENTS = YES;
				CLANG_WARN_EMPTY_BODY = YES;
				CLANG_WARN_ENUM_CONVERSION = YES;
				CLANG_WARN_INFINITE_RECURSION = YES;
				CLANG_WARN_INT_CONVERSION = YES;
				CLANG_WARN_NON_LITERAL_NULL_CONVERSION = YES;
				CLANG_WARN_OBJC_IMPLICIT_RETAIN_SELF = YES;
				CLANG_WARN_OBJC_LITERAL_CONVERSION = YES;
				CLANG_WARN_OBJC_ROOT_CLASS = YES_ERROR;
				CLANG_WARN_RANGE_LOOP_ANALYSIS = YES;
				CLANG_WARN_STRICT_PROTOTYPES = YES;
				CLANG_WARN_SUSPICIOUS_MOVE = YES;
				CLANG_WARN_UNGUARDED_AVAILABILITY = YES_AGGRESSIVE;
				CLANG_WARN_UNREACHABLE_CODE = YES;
				CLANG_WARN__DUPLICATE_METHOD_MATCH = YES;
				CODE_SIGN_IDENTITY = "iPhone Developer";
				COPY_PHASE_STRIP = NO;
				DEBUG_INFORMATION_FORMAT = "dwarf-with-dsym";
				ENABLE_NS_ASSERTIONS = NO;
				ENABLE_STRICT_OBJC_MSGSEND = YES;
				GCC_C_LANGUAGE_STANDARD = gnu11;
				GCC_NO_COMMON_BLOCKS = YES;
				GCC_WARN_64_TO_32_BIT_CONVERSION = YES;
				GCC_WARN_ABOUT_RETURN_TYPE = YES_ERROR;
				GCC_WARN_UNDECLARED_SELECTOR = YES;
				GCC_WARN_UNINITIALIZED_AUTOS = YES_AGGRESSIVE;
				GCC_WARN_UNUSED_FUNCTION = YES;
				GCC_WARN_UNUSED_VARIABLE = YES;
				IPHONEOS_DEPLOYMENT_TARGET = 8.0;
				MTL_ENABLE_DEBUG_INFO = NO;
				SDKROOT = iphoneos;
				VALIDATE_PRODUCT = YES;
			};
			name = Release;
		};
		0C546EFC210C4A7B00A09037 /* Debug */ = {
			isa = XCBuildConfiguration;
			buildSettings = {
				ASSETCATALOG_COMPILER_APPICON_NAME = AppIcon;
				CODE_SIGN_STYLE = Automatic;
				DEVELOPMENT_TEAM = ZTW9XPA927;
				INFOPLIST_FILE = RDDevLibraryDemo/Info.plist;
				IPHONEOS_DEPLOYMENT_TARGET = 8.0;
				LD_RUNPATH_SEARCH_PATHS = (
					"$(inherited)",
					"@executable_path/Frameworks",
				);
				PRODUCT_BUNDLE_IDENTIFIER = com.dangdang.RDDevLibraryDemo;
				PRODUCT_NAME = "$(TARGET_NAME)";
				TARGETED_DEVICE_FAMILY = "1,2";
			};
			name = Debug;
		};
		0C546EFD210C4A7B00A09037 /* Release */ = {
			isa = XCBuildConfiguration;
			buildSettings = {
				ASSETCATALOG_COMPILER_APPICON_NAME = AppIcon;
				CODE_SIGN_STYLE = Automatic;
				DEVELOPMENT_TEAM = ZTW9XPA927;
				INFOPLIST_FILE = RDDevLibraryDemo/Info.plist;
				IPHONEOS_DEPLOYMENT_TARGET = 8.0;
				LD_RUNPATH_SEARCH_PATHS = (
					"$(inherited)",
					"@executable_path/Frameworks",
				);
				PRODUCT_BUNDLE_IDENTIFIER = com.dangdang.RDDevLibraryDemo;
				PRODUCT_NAME = "$(TARGET_NAME)";
				TARGETED_DEVICE_FAMILY = "1,2";
			};
			name = Release;
		};
/* End XCBuildConfiguration section */

/* Begin XCConfigurationList section */
		0C546EE0210C4A7900A09037 /* Build configuration list for PBXProject "RDDevLibraryDemo" */ = {
			isa = XCConfigurationList;
			buildConfigurations = (
				0C546EF9210C4A7B00A09037 /* Debug */,
				0C546EFA210C4A7B00A09037 /* Release */,
			);
			defaultConfigurationIsVisible = 0;
			defaultConfigurationName = Release;
		};
		0C546EFB210C4A7B00A09037 /* Build configuration list for PBXNativeTarget "RDDevLibraryDemo" */ = {
			isa = XCConfigurationList;
			buildConfigurations = (
				0C546EFC210C4A7B00A09037 /* Debug */,
				0C546EFD210C4A7B00A09037 /* Release */,
			);
			defaultConfigurationIsVisible = 0;
			defaultConfigurationName = Release;
		};
/* End XCConfigurationList section */
	};
	rootObject = 0C546EDD210C4A7900A09037 /* Project object */;
}
